<?xml version="1.0" encoding="utf-8"?>
<Project ToolsVersion="4.0" xmlns="http://schemas.microsoft.com/developer/msbuild/2003">
  <ItemGroup>
    <Filter Include="Archivos de encabezado">
      <UniqueIdentifier>{93995380-89BD-4b04-88EB-625FBE52EBFB}</UniqueIdentifier>
      <Extensions>h;hh;hpp;hxx;h++;hm;inl;inc;ipp;xsd</Extensions>
    </Filter>
    <Filter Include="src">
      <UniqueIdentifier>{9577ec4a-483f-490e-bb72-83fd73ecc5d2}</UniqueIdentifier>
    </Filter>
    <Filter Include="assets">
      <UniqueIdentifier>{b3cb4917-1dc0-45f6-96d5-88412ef82ad9}</UniqueIdentifier>
    </Filter>
    <Filter Include="include">
      <UniqueIdentifier>{ff6b818f-66bf-4c81-97ef-16868e4a845f}</UniqueIdentifier>
    </Filter>
  </ItemGroup>
  <ItemGroup>
    <ClCompile Include="main.cpp">
      <Filter>src</Filter>
    </ClCompile>
    <ClCompile Include="game.cpp">
      <Filter>src</Filter>
    </ClCompile>
    <ClCompile Include="tetromino.cpp">
      <Filter>src</Filter>
    </ClCompile>
    <ClCompile Include="board.cpp">
      <Filter>src</Filter>
    </ClCompile>
  </ItemGroup>
  <ItemGroup>
    <ClInclude Include="game.h">
      <Filter>include</Filter>
    </ClInclude>
    <ClInclude Include="board.h">
      <Filter>include</Filter>
    </ClInclude>
    <ClInclude Include="tetromino.h">
      <Filter>include</Filter>
    </ClInclude>
  </ItemGroup>
</Project>